<?xml version="1.0" encoding="utf-8"?>
<Project ToolsVersion="4.0" xmlns="http://schemas.microsoft.com/developer/msbuild/2003">
  <ItemGroup>
    <Filter Include="Source Files">
      <UniqueIdentifier>{68df3a16-0be2-42c5-98f1-b88006105ed9}</UniqueIdentifier>
      <Extensions>cpp;c;cc;cxx;def;odl;idl;hpj;bat;asm;asmx</Extensions>
    </Filter>
    <Filter Include="Header Files">
      <UniqueIdentifier>{50b2e5f6-9ed8-4967-9f75-82745f8931ef}</UniqueIdentifier>
      <Extensions>h;hh;hpp;hxx;hm;inl;inc;xsd</Extensions>
    </Filter>
    <Filter Include="Resource Files">
      <UniqueIdentifier>{a4edae7a-5a06-47b2-ba44-ff1f0076eb97}</UniqueIdentifier>
      <Extensions>rc;ico;cur;bmp;dlg;rc2;rct;bin;rgs;gif;jpg;jpeg;jpe;resx;tiff;tif;png;wav;mfcribbon-ms</Extensions>
    </Filter>
  </ItemGroup>
  <ItemGroup>
    <ClCompile Include="main.cpp">
      <Filter>Source Files</Filter>
    </ClCompile>
    <ClCompile Include="CpuBulletBackend.cpp">
      <Filter>Source Files</Filter>
    </ClCompile>
    <ClCompile Include="SceneBuilder.cpp">
      <Filter>Source Files</Filter>
    </ClCompile>
    <ClCompile Include="DemoNetSync.cpp">
      <Filter>Source Files</Filter>
    </ClCompile>
    <ClCompile Include="GpuPhysicsBackend.cpp">
      <Filter>Source Files</Filter>
    </ClCompile>
    <ClCompile Include="StateRoundTrip.cpp">
      <Filter>Source Files</Filter>
    </ClCompile>
    <ClCompile Include="HealStubBackend.cpp">
      <Filter>Source Files</Filter>
    </ClCompile>
    <ClCompile Include="BucketHeal.cpp">
      <Filter>Source Files</Filter>
    </ClCompile>
    <ClCompile Include="GpuInstanceCuller.cpp">
      <Filter>Source Files</Filter>
    </ClCompile>
    <ClCompile Include="..\..\src\Bullet3Irrlicht\b3IrrlichtLbvh.cpp">
      <Filter>Source Files</Filter>
    </ClCompile>
    <ClCompile Include="..\..\src\Bullet3Irrlicht\b3IrrlichtNarrowphase.cpp">
      <Filter>Source Files</Filter>
    </ClCompile>
    <ClCompile Include="..\..\src\Bullet3Irrlicht\b3IrrlichtPrefixScan.cpp">
      <Filter>Source Files</Filter>
    </ClCompile>
    <ClCompile Include="..\..\src\Bullet3Irrlicht\b3IrrlichtRadixSort.cpp">
      <Filter>Source Files</Filter>
    </ClCompile>
    <ClCompile Include="..\..\src\Bullet3Irrlicht\b3IrrlichtSolver.cpp">
      <Filter>Source Files</Filter>
    </ClCompile>
    <ClCompile Include="..\..\src\Bullet3Irrlicht\b3IrrlichtJointSolver.cpp">
      <Filter>Source Files</Filter>
    </ClCompile>
    <ClCompile Include="..\..\src\Bullet3Irrlicht\b3GpuIrrlichtRigidBodyPipeline.cpp">
      <Filter>Source Files</Filter>
    </ClCompile>
  </ItemGroup>
  <ItemGroup>
    <ClInclude Include="PhysicsBackend.h">
      <Filter>Header Files</Filter>
    </ClInclude>
    <ClInclude Include="DemoNetSync.h">
      <Filter>Header Files</Filter>
    </ClInclude>
    <ClInclude Include="CpuBulletBackend.h">
      <Filter>Header Files</Filter>
    </ClInclude>
    <ClInclude Include="GpuPhysicsBackend.h">
      <Filter>Header Files</Filter>
    </ClInclude>
    <ClInclude Include="StateRoundTrip.h">
      <Filter>Header Files</Filter>
    </ClInclude>
    <ClInclude Include="HealStubBackend.h">
      <Filter>Header Files</Filter>
    </ClInclude>
    <ClInclude Include="BucketHeal.h">
      <Filter>Header Files</Filter>
    </ClInclude>
    <ClInclude Include="GpuInstanceCuller.h">
      <Filter>Header Files</Filter>
    </ClInclude>
    <ClInclude Include="..\..\src\Bullet3Irrlicht\b3IrrlichtJointSolver.h">
      <Filter>Header Files</Filter>
    </ClInclude>
  </ItemGroup>
</Project>
